// !$*UTF8*$!
{
	archiveVersion = 1;
	classes = {
	};
	objectVersion = 46;
	objects = {

/* Begin PBXBuildFile section */
		90A462E91EAE7DBB00219F3C /* main.m in Sources */ = {isa = PBXBuildFile; fileRef = 90A462E81EAE7DBB00219F3C /* main.m */; };
		90A462EC1EAE7DBB00219F3C /* AppDelegate.m in Sources */ = {isa = PBXBuildFile; fileRef = 90A462EB1EAE7DBB00219F3C /* AppDelegate.m */; };
		90A462F21EAE7DBB00219F3C /* Main.storyboard in Resources */ = {isa = PBXBuildFile; fileRef = 90A462F01EAE7DBB00219F3C /* Main.storyboard */; };
		90A462F41EAE7DBB00219F3C /* Assets.xcassets in Resources */ = {isa = PBXBuildFile; fileRef = 90A462F31EAE7DBB00219F3C /* Assets.xcassets */; };
		90A462F71EAE7DBB00219F3C /* LaunchScreen.storyboard in Resources */ = {isa = PBXBuildFile; fileRef = 90A462F51EAE7DBB00219F3C /* LaunchScreen.storyboard */; };
		90A463021EAE7DBB00219F3C /* NocListObj_cTests.m in Sources */ = {isa = PBXBuildFile; fileRef = 90A463011EAE7DBB00219F3C /* NocListObj_cTests.m */; };
		90A4630D1EAE7DBB00219F3C /* NocListObj_cUITests.m in Sources */ = {isa = PBXBuildFile; fileRef = 90A4630C1EAE7DBB00219F3C /* NocListObj_cUITests.m */; };
		90A4631B1EAE7DCE00219F3C /* NOC.json in Resources */ = {isa = PBXBuildFile; fileRef = 90A4631A1EAE7DCE00219F3C /* NOC.json */; };
		90A4631E1EAE7F0900219F3C /* NOCListTableViewController.m in Sources */ = {isa = PBXBuildFile; fileRef = 90A4631D1EAE7F0900219F3C /* NOCListTableViewController.m */; };
		90A463211EAE839700219F3C /* Agent.m in Sources */ = {isa = PBXBuildFile; fileRef = 90A463201EAE839700219F3C /* Agent.m */; };
/* End PBXBuildFile section */

/* Begin PBXContainerItemProxy section */
		90A462FE1EAE7DBB00219F3C /* PBXContainerItemProxy */ = {
			isa = PBXContainerItemProxy;
			containerPortal = 90A462DC1EAE7DBB00219F3C /* Project object */;
			proxyType = 1;
			remoteGlobalIDString = 90A462E31EAE7DBB00219F3C;
			remoteInfo = "NocListObj-c";
		};
		90A463091EAE7DBB00219F3C /* PBXContainerItemProxy */ = {
			isa = PBXContainerItemProxy;
			containerPortal = 90A462DC1EAE7DBB00219F3C /* Project object */;
			proxyType = 1;
			remoteGlobalIDString = 90A462E31EAE7DBB00219F3C;
			remoteInfo = "NocListObj-c";
		};
/* End PBXContainerItemProxy section */

/* Begin PBXFileReference section */
		90A462E41EAE7DBB00219F3C /* NocListObj-c.app */ = {isa = PBXFileReference; explicitFileType = wrapper.application; includeInIndex = 0; path = "NocListObj-c.app"; sourceTree = BUILT_PRODUCTS_DIR; };
		90A462E81EAE7DBB00219F3C /* main.m */ = {isa = PBXFileReference; lastKnownFileType = sourcecode.c.objc; path = main.m; sourceTree = "<group>"; };
		90A462EA1EAE7DBB00219F3C /* AppDelegate.h */ = {isa = PBXFileReference; lastKnownFileType = sourcecode.c.h; path = AppDelegate.h; sourceTree = "<group>"; };
		90A462EB1EAE7DBB00219F3C /* AppDelegate.m */ = {isa = PBXFileReference; lastKnownFileType = sourcecode.c.objc; path = AppDelegate.m; sourceTree = "<group>"; };
		90A462F11EAE7DBB00219F3C /* Base */ = {isa = PBXFileReference; lastKnownFileType = file.storyboard; name = Base; path = Base.lproj/Main.storyboard; sourceTree = "<group>"; };
		90A462F31EAE7DBB00219F3C /* Assets.xcassets */ = {isa = PBXFileReference; lastKnownFileType = folder.assetcatalog; path = Assets.xcassets; sourceTree = "<group>"; };
		90A462F61EAE7DBB00219F3C /* Base */ = {isa = PBXFileReference; lastKnownFileType = file.storyboard; name = Base; path = Base.lproj/LaunchScreen.storyboard; sourceTree = "<group>"; };
		90A462F81EAE7DBB00219F3C /* Info.plist */ = {isa = PBXFileReference; lastKnownFileType = text.plist.xml; path = Info.plist; sourceTree = "<group>"; };
		90A462FD1EAE7DBB00219F3C /* NocListObj-cTests.xctest */ = {isa = PBXFileReference; explicitFileType = wrapper.cfbundle; includeInIndex = 0; path = "NocListObj-cTests.xctest"; sourceTree = BUILT_PRODUCTS_DIR; };
		90A463011EAE7DBB00219F3C /* NocListObj_cTests.m */ = {isa = PBXFileReference; lastKnownFileType = sourcecode.c.objc; path = NocListObj_cTests.m; sourceTree = "<group>"; };
		90A463031EAE7DBB00219F3C /* Info.plist */ = {isa = PBXFileReference; lastKnownFileType = text.plist.xml; path = Info.plist; sourceTree = "<group>"; };
		90A463081EAE7DBB00219F3C /* NocListObj-cUITests.xctest */ = {isa = PBXFileReference; explicitFileType = wrapper.cfbundle; includeInIndex = 0; path = "NocListObj-cUITests.xctest"; sourceTree = BUILT_PRODUCTS_DIR; };
		90A4630C1EAE7DBB00219F3C /* NocListObj_cUITests.m */ = {isa = PBXFileReference; lastKnownFileType = sourcecode.c.objc; path = NocListObj_cUITests.m; sourceTree = "<group>"; };
		90A4630E1EAE7DBB00219F3C /* Info.plist */ = {isa = PBXFileReference; lastKnownFileType = text.plist.xml; path = Info.plist; sourceTree = "<group>"; };
		90A4631A1EAE7DCE00219F3C /* NOC.json */ = {isa = PBXFileReference; fileEncoding = 4; lastKnownFileType = text.json; name = NOC.json; path = "../../../2017--SPRING--iOS/NOCList/NOCList/NOC.json"; sourceTree = "<group>"; };
		90A4631C1EAE7F0900219F3C /* NOCListTableViewController.h */ = {isa = PBXFileReference; fileEncoding = 4; lastKnownFileType = sourcecode.c.h; path = NOCListTableViewController.h; sourceTree = "<group>"; };
		90A4631D1EAE7F0900219F3C /* NOCListTableViewController.m */ = {isa = PBXFileReference; fileEncoding = 4; lastKnownFileType = sourcecode.c.objc; path = NOCListTableViewController.m; sourceTree = "<group>"; };
		90A4631F1EAE839700219F3C /* Agent.h */ = {isa = PBXFileReference; fileEncoding = 4; lastKnownFileType = sourcecode.c.h; path = Agent.h; sourceTree = "<group>"; };
		90A463201EAE839700219F3C /* Agent.m */ = {isa = PBXFileReference; fileEncoding = 4; lastKnownFileType = sourcecode.c.objc; path = Agent.m; sourceTree = "<group>"; };
/* End PBXFileReference section */

/* Begin PBXFrameworksBuildPhase section */
		90A462E11EAE7DBB00219F3C /* Frameworks */ = {
			isa = PBXFrameworksBuildPhase;
			buildActionMask = 2147483647;
			files = (
			);
			runOnlyForDeploymentPostprocessing = 0;
		};
		90A462FA1EAE7DBB00219F3C /* Frameworks */ = {
			isa = PBXFrameworksBuildPhase;
			buildActionMask = 2147483647;
			files = (
			);
			runOnlyForDeploymentPostprocessing = 0;
		};
		90A463051EAE7DBB00219F3C /* Frameworks */ = {
			isa = PBXFrameworksBuildPhase;
			buildActionMask = 2147483647;
			files = (
			);
			runOnlyForDeploymentPostprocessing = 0;
		};
/* End PBXFrameworksBuildPhase section */

/* Begin PBXGroup section */
		90A462DB1EAE7DBB00219F3C = {
			isa = PBXGroup;
			children = (
				90A462E61EAE7DBB00219F3C /* NocListObj-c */,
				90A463001EAE7DBB00219F3C /* NocListObj-cTests */,
				90A4630B1EAE7DBB00219F3C /* NocListObj-cUITests */,
				90A462E51EAE7DBB00219F3C /* Products */,
			);
			sourceTree = "<group>";
		};
		90A462E51EAE7DBB00219F3C /* Products */ = {
			isa = PBXGroup;
			children = (
				90A462E41EAE7DBB00219F3C /* NocListObj-c.app */,
				90A462FD1EAE7DBB00219F3C /* NocListObj-cTests.xctest */,
				90A463081EAE7DBB00219F3C /* NocListObj-cUITests.xctest */,
			);
			name = Products;
			sourceTree = "<group>";
		};
		90A462E61EAE7DBB00219F3C /* NocListObj-c */ = {
			isa = PBXGroup;
			children = (
				90A462EA1EAE7DBB00219F3C /* AppDelegate.h */,
				90A462EB1EAE7DBB00219F3C /* AppDelegate.m */,
				90A462F01EAE7DBB00219F3C /* Main.storyboard */,
				90A4631C1EAE7F0900219F3C /* NOCListTableViewController.h */,
				90A4631D1EAE7F0900219F3C /* NOCListTableViewController.m */,
				90A4631F1EAE839700219F3C /* Agent.h */,
				90A463201EAE839700219F3C /* Agent.m */,
				90A462F31EAE7DBB00219F3C /* Assets.xcassets */,
				90A462F51EAE7DBB00219F3C /* LaunchScreen.storyboard */,
				90A4631A1EAE7DCE00219F3C /* NOC.json */,
				90A462F81EAE7DBB00219F3C /* Info.plist */,
				90A462E71EAE7DBB00219F3C /* Supporting Files */,
			);
			path = "NocListObj-c";
			sourceTree = "<group>";
		};
		90A462E71EAE7DBB00219F3C /* Supporting Files */ = {
			isa = PBXGroup;
			children = (
				90A462E81EAE7DBB00219F3C /* main.m */,
			);
			name = "Supporting Files";
			sourceTree = "<group>";
		};
		90A463001EAE7DBB00219F3C /* NocListObj-cTests */ = {
			isa = PBXGroup;
			children = (
				90A463011EAE7DBB00219F3C /* NocListObj_cTests.m */,
				90A463031EAE7DBB00219F3C /* Info.plist */,
			);
			path = "NocListObj-cTests";
			sourceTree = "<group>";
		};
		90A4630B1EAE7DBB00219F3C /* NocListObj-cUITests */ = {
			isa = PBXGroup;
			children = (
				90A4630C1EAE7DBB00219F3C /* NocListObj_cUITests.m */,
				90A4630E1EAE7DBB00219F3C /* Info.plist */,
			);
			path = "NocListObj-cUITests";
			sourceTree = "<group>";
		};
/* End PBXGroup section */

/* Begin PBXNativeTarget section */
		90A462E31EAE7DBB00219F3C /* NocListObj-c */ = {
			isa = PBXNativeTarget;
			buildConfigurationList = 90A463111EAE7DBB00219F3C /* Build configuration list for PBXNativeTarget "NocListObj-c" */;
			buildPhases = (
				90A462E01EAE7DBB00219F3C /* Sources */,
				90A462E11EAE7DBB00219F3C /* Frameworks */,
				90A462E21EAE7DBB00219F3C /* Resources */,
			);
			buildRules = (
			);
			dependencies = (
			);
			name = "NocListObj-c";
			productName = "NocListObj-c";
			productReference = 90A462E41EAE7DBB00219F3C /* NocListObj-c.app */;
			productType = "com.apple.product-type.application";
		};
		90A462FC1EAE7DBB00219F3C /* NocListObj-cTests */ = {
			isa = PBXNativeTarget;
			buildConfigurationList = 90A463141EAE7DBB00219F3C /* Build configuration list for PBXNativeTarget "NocListObj-cTests" */;
			buildPhases = (
				90A462F91EAE7DBB00219F3C /* Sources */,
				90A462FA1EAE7DBB00219F3C /* Frameworks */,
				90A462FB1EAE7DBB00219F3C /* Resources */,
			);
			buildRules = (
			);
			dependencies = (
				90A462FF1EAE7DBB00219F3C /* PBXTargetDependency */,
			);
			name = "NocListObj-cTests";
			productName = "NocListObj-cTests";
			productReference = 90A462FD1EAE7DBB00219F3C /* NocListObj-cTests.xctest */;
			productType = "com.apple.product-type.bundle.unit-test";
		};
		90A463071EAE7DBB00219F3C /* NocListObj-cUITests */ = {
			isa = PBXNativeTarget;
			buildConfigurationList = 90A463171EAE7DBB00219F3C /* Build configuration list for PBXNativeTarget "NocListObj-cUITests" */;
			buildPhases = (
				90A463041EAE7DBB00219F3C /* Sources */,
				90A463051EAE7DBB00219F3C /* Frameworks */,
				90A463061EAE7DBB00219F3C /* Resources */,
			);
			buildRules = (
			);
			dependencies = (
				90A4630A1EAE7DBB00219F3C /* PBXTargetDependency */,
			);
			name = "NocListObj-cUITests";
			productName = "NocListObj-cUITests";
			productReference = 90A463081EAE7DBB00219F3C /* NocListObj-cUITests.xctest */;
			productType = "com.apple.product-type.bundle.ui-testing";
		};
/* End PBXNativeTarget section */

/* Begin PBXProject section */
		90A462DC1EAE7DBB00219F3C /* Project object */ = {
			isa = PBXProject;
			attributes = {
				LastUpgradeCheck = 0830;
				ORGANIZATIONNAME = "Shane Nelson";
				TargetAttributes = {
					90A462E31EAE7DBB00219F3C = {
						CreatedOnToolsVersion = 8.3.2;
						ProvisioningStyle = Automatic;
					};
					90A462FC1EAE7DBB00219F3C = {
						CreatedOnToolsVersion = 8.3.2;
						ProvisioningStyle = Automatic;
						TestTargetID = 90A462E31EAE7DBB00219F3C;
					};
					90A463071EAE7DBB00219F3C = {
						CreatedOnToolsVersion = 8.3.2;
						ProvisioningStyle = Automatic;
						TestTargetID = 90A462E31EAE7DBB00219F3C;
					};
				};
			};
			buildConfigurationList = 90A462DF1EAE7DBB00219F3C /* Build configuration list for PBXProject "NocListObj-c" */;
			compatibilityVersion = "Xcode 3.2";
			developmentRegion = English;
			hasScannedForEncodings = 0;
			knownRegions = (
				en,
				Base,
			);
			mainGroup = 90A462DB1EAE7DBB00219F3C;
			productRefGroup = 90A462E51EAE7DBB00219F3C /* Products */;
			projectDirPath = "";
			projectRoot = "";
			targets = (
				90A462E31EAE7DBB00219F3C /* NocListObj-c */,
				90A462FC1EAE7DBB00219F3C /* NocListObj-cTests */,
				90A463071EAE7DBB00219F3C /* NocListObj-cUITests */,
			);
		};
/* End PBXProject section */

/* Begin PBXResourcesBuildPhase section */
		90A462E21EAE7DBB00219F3C /* Resources */ = {
			isa = PBXResourcesBuildPhase;
			buildActionMask = 2147483647;
			files = (
				90A4631B1EAE7DCE00219F3C /* NOC.json in Resources */,
				90A462F71EAE7DBB00219F3C /* LaunchScreen.storyboard in Resources */,
				90A462F41EAE7DBB00219F3C /* Assets.xcassets in Resources */,
				90A462F21EAE7DBB00219F3C /* Main.storyboard in Resources */,
			);
			runOnlyForDeploymentPostprocessing = 0;
		};
		90A462FB1EAE7DBB00219F3C /* Resources */ = {
			isa = PBXResourcesBuildPhase;
			buildActionMask = 2147483647;
			files = (
			);
			runOnlyForDeploymentPostprocessing = 0;
		};
		90A463061EAE7DBB00219F3C /* Resources */ = {
			isa = PBXResourcesBuildPhase;
			buildActionMask = 2147483647;
			files = (
			);
			runOnlyForDeploymentPostprocessing = 0;
		};
/* End PBXResourcesBuildPhase section */

/* Begin PBXSourcesBuildPhase section */
		90A462E01EAE7DBB00219F3C /* Sources */ = {
			isa = PBXSourcesBuildPhase;
			buildActionMask = 2147483647;
			files = (
				90A462EC1EAE7DBB00219F3C /* AppDelegate.m in Sources */,
				90A463211EAE839700219F3C /* Agent.m in Sources */,
				90A4631E1EAE7F0900219F3C /* NOCListTableViewController.m in Sources */,
				90A462E91EAE7DBB00219F3C /* main.m in Sources */,
			);
			runOnlyForDeploymentPostprocessing = 0;
		};
		90A462F91EAE7DBB00219F3C /* Sources */ = {
			isa = PBXSourcesBuildPhase;
			buildActionMask = 2147483647;
			files = (
				90A463021EAE7DBB00219F3C /* NocListObj_cTests.m in Sources */,
			);
			runOnlyForDeploymentPostprocessing = 0;
		};
		90A463041EAE7DBB00219F3C /* Sources */ = {
			isa = PBXSourcesBuildPhase;
			buildActionMask = 2147483647;
			files = (
				90A4630D1EAE7DBB00219F3C /* NocListObj_cUITests.m in Sources */,
			);
			runOnlyForDeploymentPostprocessing = 0;
		};
/* End PBXSourcesBuildPhase section */

/* Begin PBXTargetDependency section */
		90A462FF1EAE7DBB00219F3C /* PBXTargetDependency */ = {
			isa = PBXTargetDependency;
			target = 90A462E31EAE7DBB00219F3C /* NocListObj-c */;
			targetProxy = 90A462FE1EAE7DBB00219F3C /* PBXContainerItemProxy */;
		};
		90A4630A1EAE7DBB00219F3C /* PBXTargetDependency */ = {
			isa = PBXTargetDependency;
			target = 90A462E31EAE7DBB00219F3C /* NocListObj-c */;
			targetProxy = 90A463091EAE7DBB00219F3C /* PBXContainerItemProxy */;
		};
/* End PBXTargetDependency section */

/* Begin PBXVariantGroup section */
		90A462F01EAE7DBB00219F3C /* Main.storyboard */ = {
			isa = PBXVariantGroup;
			children = (
				90A462F11EAE7DBB00219F3C /* Base */,
			);
			name = Main.storyboard;
			sourceTree = "<group>";
		};
		90A462F51EAE7DBB00219F3C /* LaunchScreen.storyboard */ = {
			isa = PBXVariantGroup;
			children = (
				90A462F61EAE7DBB00219F3C /* Base */,
			);
			name = LaunchScreen.storyboard;
			sourceTree = "<group>";
		};
/* End PBXVariantGroup section */

/* Begin XCBuildConfiguration section */
		90A4630F1EAE7DBB00219F3C /* Debug */ = {
			isa = XCBuildConfiguration;
			buildSettings = {
				ALWAYS_SEARCH_USER_PATHS = NO;
				CLANG_ANALYZER_NONNULL = YES;
				CLANG_ANALYZER_NUMBER_OBJECT_CONVERSION = YES_AGGRESSIVE;
				CLANG_CXX_LANGUAGE_STANDARD = "gnu++0x";
				CLANG_CXX_LIBRARY = "libc++";
				CLANG_ENABLE_MODULES = YES;
				CLANG_ENABLE_OBJC_ARC = YES;
				CLANG_WARN_BOOL_CONVERSION = YES;
				CLANG_WARN_CONSTANT_CONVERSION = YES;
				CLANG_WARN_DIRECT_OBJC_ISA_USAGE = YES_ERROR;
				CLANG_WARN_DOCUMENTATION_COMMENTS = YES;
				CLANG_WARN_EMPTY_BODY = YES;
				CLANG_WARN_ENUM_CONVERSION = YES;
				CLANG_WARN_INFINITE_RECURSION = YES;
				CLANG_WARN_INT_CONVERSION = YES;
				CLANG_WARN_OBJC_ROOT_CLASS = YES_ERROR;
				CLANG_WARN_SUSPICIOUS_MOVE = YES;
				CLANG_WARN_UNREACHABLE_CODE = YES;
				CLANG_WARN__DUPLICATE_METHOD_MATCH = YES;
				"CODE_SIGN_IDENTITY[sdk=iphoneos*]" = "iPhone Developer";
				COPY_PHASE_STRIP = NO;
				DEBUG_INFORMATION_FORMAT = dwarf;
				ENABLE_STRICT_OBJC_MSGSEND = YES;
				ENABLE_TESTABILITY = YES;
				GCC_C_LANGUAGE_STANDARD = gnu99;
				GCC_DYNAMIC_NO_PIC = NO;
				GCC_NO_COMMON_BLOCKS = YES;
				GCC_OPTIMIZATION_LEVEL = 0;
				GCC_PREPROCESSOR_DEFINITIONS = (
					"DEBUG=1",
					"$(inherited)",
				);
				GCC_WARN_64_TO_32_BIT_CONVERSION = YES;
				GCC_WARN_ABOUT_RETURN_TYPE = YES_ERROR;
				GCC_WARN_UNDECLARED_SELECTOR = YES;
				GCC_WARN_UNINITIALIZED_AUTOS = YES_AGGRESSIVE;
				GCC_WARN_UNUSED_FUNCTION = YES;
				GCC_WARN_UNUSED_VARIABLE = YES;
				IPHONEOS_DEPLOYMENT_TARGET = 10.3;
				MTL_ENABLE_DEBUG_INFO = YES;
				ONLY_ACTIVE_ARCH = YES;
				SDKROOT = iphoneos;
				TARGETED_DEVICE_FAMILY = "1,2";
			};
			name = Debug;
		};
		90A463101EAE7DBB00219F3C /* Release */ = {
			isa = XCBuildConfiguration;
			buildSettings = {
				ALWAYS_SEARCH_USER_PATHS = NO;
				CLANG_ANALYZER_NONNULL = YES;
				CLANG_ANALYZER_NUMBER_OBJECT_CONVERSION = YES_AGGRESSIVE;
				CLANG_CXX_LANGUAGE_STANDARD = "gnu++0x";
				CLANG_CXX_LIBRARY = "libc++";
				CLANG_ENABLE_MODULES = YES;
				CLANG_ENABLE_OBJC_ARC = YES;
				CLANG_WARN_BOOL_CONVERSION = YES;
				CLANG_WARN_CONSTANT_CONVERSION = YES;
				CLANG_WARN_DIRECT_OBJC_ISA_USAGE = YES_ERROR;
				CLANG_WARN_DOCUMENTATION_COMMENTS = YES;
				CLANG_WARN_EMPTY_BODY = YES;
				CLANG_WARN_ENUM_CONVERSION = YES;
				CLANG_WARN_INFINITE_RECURSION = YES;
				CLANG_WARN_INT_CONVERSION = YES;
				CLANG_WARN_OBJC_ROOT_CLASS = YES_ERROR;
				CLANG_WARN_SUSPICIOUS_MOVE = YES;
				CLANG_WARN_UNREACHABLE_CODE = YES;
				CLANG_WARN__DUPLICATE_METHOD_MATCH = YES;
				"CODE_SIGN_IDENTITY[sdk=iphoneos*]" = "iPhone Developer";
				COPY_PHASE_STRIP = NO;
				DEBUG_INFORMATION_FORMAT = "dwarf-with-dsym";
				ENABLE_NS_ASSERTIONS = NO;
				ENABLE_STRICT_OBJC_MSGSEND = YES;
				GCC_C_LANGUAGE_STANDARD = gnu99;
				GCC_NO_COMMON_BLOCKS = YES;
				GCC_WARN_64_TO_32_BIT_CONVERSION = YES;
				GCC_WARN_ABOUT_RETURN_TYPE = YES_ERROR;
				GCC_WARN_UNDECLARED_SELECTOR = YES;
				GCC_WARN_UNINITIALIZED_AUTOS = YES_AGGRESSIVE;
				GCC_WARN_UNUSED_FUNCTION = YES;
				GCC_WARN_UNUSED_VARIABLE = YES;
				IPHONEOS_DEPLOYMENT_TARGET = 10.3;
				MTL_ENABLE_DEBUG_INFO = NO;
				SDKROOT = iphoneos;
				TARGETED_DEVICE_FAMILY = "1,2";
				VALIDATE_PRODUCT = YES;
			};
			name = Release;
		};
		90A463121EAE7DBB00219F3C /* Debug */ = {
			isa = XCBuildConfiguration;
			buildSettings = {
				ASSETCATALOG_COMPILER_APPICON_NAME = AppIcon;
				INFOPLIST_FILE = "NocListObj-c/Info.plist";
				LD_RUNPATH_SEARCH_PATHS = "$(inherited) @executable_path/Frameworks";
				PRODUCT_BUNDLE_IDENTIFIER = "The-Iron-Yard.NocListObj-c";
				PRODUCT_NAME = "$(TARGET_NAME)";
			};
			name = Debug;
		};
		90A463131EAE7DBB00219F3C /* Release */ = {
			isa = XCBuildConfiguration;
			buildSettings = {
				ASSETCATALOG_COMPILER_APPICON_NAME = AppIcon;
				INFOPLIST_FILE = "NocListObj-c/Info.plist";
				LD_RUNPATH_SEARCH_PATHS = "$(inherited) @executable_path/Frameworks";
				PRODUCT_BUNDLE_IDENTIFIER = "The-Iron-Yard.NocListObj-c";
				PRODUCT_NAME = "$(TARGET_NAME)";
			};
			name = Release;
		};
		90A463151EAE7DBB00219F3C /* Debug */ = {
			isa = XCBuildConfiguration;
			buildSettings = {
				BUNDLE_LOADER = "$(TEST_HOST)";
				INFOPLIST_FILE = "NocListObj-cTests/Info.plist";
				LD_RUNPATH_SEARCH_PATHS = "$(inherited) @executable_path/Frameworks @loader_path/Frameworks";
				PRODUCT_BUNDLE_IDENTIFIER = "The-Iron-Yard.NocListObj-cTests";
				PRODUCT_NAME = "$(TARGET_NAME)";
				TEST_HOST = "$(BUILT_PRODUCTS_DIR)/NocListObj-c.app/NocListObj-c";
			};
			name = Debug;
		};
		90A463161EAE7DBB00219F3C /* Release */ = {
			isa = XCBuildConfiguration;
			buildSettings = {
				BUNDLE_LOADER = "$(TEST_HOST)";
				INFOPLIST_FILE = "NocListObj-cTests/Info.plist";
				LD_RUNPATH_SEARCH_PATHS = "$(inherited) @executable_path/Frameworks @loader_path/Frameworks";
				PRODUCT_BUNDLE_IDENTIFIER = "The-Iron-Yard.NocListObj-cTests";
				PRODUCT_NAME = "$(TARGET_NAME)";
				TEST_HOST = "$(BUILT_PRODUCTS_DIR)/NocListObj-c.app/NocListObj-c";
			};
			name = Release;
		};
		90A463181EAE7DBB00219F3C /* Debug */ = {
			isa = XCBuildConfiguration;
			buildSettings = {
				INFOPLIST_FILE = "NocListObj-cUITests/Info.plist";
				LD_RUNPATH_SEARCH_PATHS = "$(inherited) @executable_path/Frameworks @loader_path/Frameworks";
				PRODUCT_BUNDLE_IDENTIFIER = "The-Iron-Yard.NocListObj-cUITests";
				PRODUCT_NAME = "$(TARGET_NAME)";
				TEST_TARGET_NAME = "NocListObj-c";
			};
			name = Debug;
		};
		90A463191EAE7DBB00219F3C /* Release */ = {
			isa = XCBuildConfiguration;
			buildSettings = {
				INFOPLIST_FILE = "NocListObj-cUITests/Info.plist";
				LD_RUNPATH_SEARCH_PATHS = "$(inherited) @executable_path/Frameworks @loader_path/Frameworks";
				PRODUCT_BUNDLE_IDENTIFIER = "The-Iron-Yard.NocListObj-cUITests";
				PRODUCT_NAME = "$(TARGET_NAME)";
				TEST_TARGET_NAME = "NocListObj-c";
			};
			name = Release;
		};
/* End XCBuildConfiguration section */

/* Begin XCConfigurationList section */
		90A462DF1EAE7DBB00219F3C /* Build configuration list for PBXProject "NocListObj-c" */ = {
			isa = XCConfigurationList;
			buildConfigurations = (
				90A4630F1EAE7DBB00219F3C /* Debug */,
				90A463101EAE7DBB00219F3C /* Release */,
			);
			defaultConfigurationIsVisible = 0;
			defaultConfigurationName = Release;
		};
		90A463111EAE7DBB00219F3C /* Build configuration list for PBXNativeTarget "NocListObj-c" */ = {
			isa = XCConfigurationList;
			buildConfigurations = (
				90A463121EAE7DBB00219F3C /* Debug */,
				90A463131EAE7DBB00219F3C /* Release */,
			);
			defaultConfigurationIsVisible = 0;
		};
		90A463141EAE7DBB00219F3C /* Build configuration list for PBXNativeTarget "NocListObj-cTests" */ = {
			isa = XCConfigurationList;
			buildConfigurations = (
				90A463151EAE7DBB00219F3C /* Debug */,
				90A463161EAE7DBB00219F3C /* Release */,
			);
			defaultConfigurationIsVisible = 0;
		};
		90A463171EAE7DBB00219F3C /* Build configuration list for PBXNativeTarget "NocListObj-cUITests" */ = {
			isa = XCConfigurationList;
			buildConfigurations = (
				90A463181EAE7DBB00219F3C /* Debug */,
				90A463191EAE7DBB00219F3C /* Release */,
			);
			defaultConfigurationIsVisible = 0;
		};
/* End XCConfigurationList section */
	};
	rootObject = 90A462DC1EAE7DBB00219F3C /* Project object */;
}
